
Microsoft Visual Studio Solution File, Format Version 12.00
# Visual Studio Version 16
VisualStudioVersion = 16.0.31112.23
MinimumVisualStudioVersion = 10.0.40219.1
Project("{8BC9CEB8-8B4A-11D0-8D11-00A0C91BC942}") = "eon_library", "eon_library.vcxproj", "{0060CD0D-8A08-409C-BB11-5AD170047D5D}"
EndProject
Global
	GlobalSection(SolutionConfigurationPlatforms) = preSolution
		Debug|x64 = Debug|x64
		Debug|x86 = Debug|x86
		Release|x64 = Release|x64
		Release|x86 = Release|x86
	EndGlobalSection
	GlobalSection(ProjectConfigurationPlatforms) = postSolution
		{0060CD0D-8A08-409C-BB11-5AD170047D5D}.Debug|x64.ActiveCfg = Debug|x64
		{0060CD0D-8A08-409C-BB11-5AD170047D5D}.Debug|x64.Build.0 = Debug|x64
		{0060CD0D-8A08-409C-BB11-5AD170047D5D}.Debug|x86.ActiveCfg = Debug|Win32
		{0060CD0D-8A08-409C-BB11-5AD170047D5D}.Debug|x86.Build.0 = Debug|Win32
		{0060CD0D-8A08-409C-BB11-5AD170047D5D}.Release|x64.ActiveCfg = Release|x64
		{0060CD0D-8A08-409C-BB11-5AD170047D5D}.Release|x64.Build.0 = Release|x64
		{0060CD0D-8A08-409C-BB11-5AD170047D5D}.Release|x86.ActiveCfg = Release|Win32
		{0060CD0D-8A08-409C-BB11-5AD170047D5D}.Release|x86.Build.0 = Release|Win32
	EndGlobalSection
	GlobalSection(SolutionProperties) = preSolution
		HideSolutionNode = FALSE
	EndGlobalSection
	GlobalSection(ExtensibilityGlobals) = postSolution
		SolutionGuid = {B735B48F-DDFD-4766-AF71-3E2A8E9D4C6E}
	EndGlobalSection
EndGlobal
